
Microsoft Visual Studio Solution File, Format Version 12.00
# Visual Studio Version 16
VisualStudioVersion = 16.0.30114.105
MinimumVisualStudioVersion = 10.0.40219.1
Project("{2150E333-8FDC-42A3-9474-1A3956D46DE8}") = "services", "services", "{7AE92EE6-56D0-42FF-8810-3C89C75F5662}"
EndProject
Project("{FAE04EC0-301F-11D3-BF4B-00C04F79EFBC}") = "Catalog.API", "services\Catalog.API\Catalog.API.csproj", "{4327C5FC-A4D5-4A65-88E6-C5511D62E9B2}"
EndProject
Project("{FAE04EC0-301F-11D3-BF4B-00C04F79EFBC}") = "Basket.API", "services\Basket.API\Basket.API.csproj", "{6ED62F70-D295-40D4-ADDE-350DC37CC7CF}"
EndProject
Project("{FAE04EC0-301F-11D3-BF4B-00C04F79EFBC}") = "Discount.API", "services\Discount.API\Discount.API.csproj", "{06577E62-1D96-4708-9C1A-7C28EB520440}"
EndProject
Project("{2150E333-8FDC-42A3-9474-1A3956D46DE8}") = "Discounts", "Discounts", "{AF7B40CA-967F-48D3-95BB-2A34645AFF1B}"
EndProject
Project("{FAE04EC0-301F-11D3-BF4B-00C04F79EFBC}") = "Discount.Grpc", "services\Discounts\Discount.Grpc\Discount.Grpc.csproj", "{14985FC6-FC90-4A63-82C6-C24FAF14CF25}"
EndProject
Global
	GlobalSection(SolutionConfigurationPlatforms) = preSolution
		Debug|Any CPU = Debug|Any CPU
		Debug|x64 = Debug|x64
		Debug|x86 = Debug|x86
		Release|Any CPU = Release|Any CPU
		Release|x64 = Release|x64
		Release|x86 = Release|x86
	EndGlobalSection
	GlobalSection(SolutionProperties) = preSolution
		HideSolutionNode = FALSE
	EndGlobalSection
	GlobalSection(ProjectConfigurationPlatforms) = postSolution
		{4327C5FC-A4D5-4A65-88E6-C5511D62E9B2}.Debug|Any CPU.ActiveCfg = Debug|Any CPU
		{4327C5FC-A4D5-4A65-88E6-C5511D62E9B2}.Debug|Any CPU.Build.0 = Debug|Any CPU
		{4327C5FC-A4D5-4A65-88E6-C5511D62E9B2}.Debug|x64.ActiveCfg = Debug|Any CPU
		{4327C5FC-A4D5-4A65-88E6-C5511D62E9B2}.Debug|x64.Build.0 = Debug|Any CPU
		{4327C5FC-A4D5-4A65-88E6-C5511D62E9B2}.Debug|x86.ActiveCfg = Debug|Any CPU
		{4327C5FC-A4D5-4A65-88E6-C5511D62E9B2}.Debug|x86.Build.0 = Debug|Any CPU
		{4327C5FC-A4D5-4A65-88E6-C5511D62E9B2}.Release|Any CPU.ActiveCfg = Release|Any CPU
		{4327C5FC-A4D5-4A65-88E6-C5511D62E9B2}.Release|Any CPU.Build.0 = Release|Any CPU
		{4327C5FC-A4D5-4A65-88E6-C5511D62E9B2}.Release|x64.ActiveCfg = Release|Any CPU
		{4327C5FC-A4D5-4A65-88E6-C5511D62E9B2}.Release|x64.Build.0 = Release|Any CPU
		{4327C5FC-A4D5-4A65-88E6-C5511D62E9B2}.Release|x86.ActiveCfg = Release|Any CPU
		{4327C5FC-A4D5-4A65-88E6-C5511D62E9B2}.Release|x86.Build.0 = Release|Any CPU
		{6ED62F70-D295-40D4-ADDE-350DC37CC7CF}.Debug|Any CPU.ActiveCfg = Debug|Any CPU
		{6ED62F70-D295-40D4-ADDE-350DC37CC7CF}.Debug|Any CPU.Build.0 = Debug|Any CPU
		{6ED62F70-D295-40D4-ADDE-350DC37CC7CF}.Debug|x64.ActiveCfg = Debug|Any CPU
		{6ED62F70-D295-40D4-ADDE-350DC37CC7CF}.Debug|x64.Build.0 = Debug|Any CPU
		{6ED62F70-D295-40D4-ADDE-350DC37CC7CF}.Debug|x86.ActiveCfg = Debug|Any CPU
		{6ED62F70-D295-40D4-ADDE-350DC37CC7CF}.Debug|x86.Build.0 = Debug|Any CPU
		{6ED62F70-D295-40D4-ADDE-350DC37CC7CF}.Release|Any CPU.ActiveCfg = Release|Any CPU
		{6ED62F70-D295-40D4-ADDE-350DC37CC7CF}.Release|Any CPU.Build.0 = Release|Any CPU
		{6ED62F70-D295-40D4-ADDE-350DC37CC7CF}.Release|x64.ActiveCfg = Release|Any CPU
		{6ED62F70-D295-40D4-ADDE-350DC37CC7CF}.Release|x64.Build.0 = Release|Any CPU
		{6ED62F70-D295-40D4-ADDE-350DC37CC7CF}.Release|x86.ActiveCfg = Release|Any CPU
		{6ED62F70-D295-40D4-ADDE-350DC37CC7CF}.Release|x86.Build.0 = Release|Any CPU
		{06577E62-1D96-4708-9C1A-7C28EB520440}.Debug|Any CPU.ActiveCfg = Debug|Any CPU
		{06577E62-1D96-4708-9C1A-7C28EB520440}.Debug|Any CPU.Build.0 = Debug|Any CPU
		{06577E62-1D96-4708-9C1A-7C28EB520440}.Debug|x64.ActiveCfg = Debug|Any CPU
		{06577E62-1D96-4708-9C1A-7C28EB520440}.Debug|x64.Build.0 = Debug|Any CPU
		{06577E62-1D96-4708-9C1A-7C28EB520440}.Debug|x86.ActiveCfg = Debug|Any CPU
		{06577E62-1D96-4708-9C1A-7C28EB520440}.Debug|x86.Build.0 = Debug|Any CPU
		{06577E62-1D96-4708-9C1A-7C28EB520440}.Release|Any CPU.ActiveCfg = Release|Any CPU
		{06577E62-1D96-4708-9C1A-7C28EB520440}.Release|Any CPU.Build.0 = Release|Any CPU
		{06577E62-1D96-4708-9C1A-7C28EB520440}.Release|x64.ActiveCfg = Release|Any CPU
		{06577E62-1D96-4708-9C1A-7C28EB520440}.Release|x64.Build.0 = Release|Any CPU
		{06577E62-1D96-4708-9C1A-7C28EB520440}.Release|x86.ActiveCfg = Release|Any CPU
		{06577E62-1D96-4708-9C1A-7C28EB520440}.Release|x86.Build.0 = Release|Any CPU
		{14985FC6-FC90-4A63-82C6-C24FAF14CF25}.Debug|Any CPU.ActiveCfg = Debug|Any CPU
		{14985FC6-FC90-4A63-82C6-C24FAF14CF25}.Debug|Any CPU.Build.0 = Debug|Any CPU
		{14985FC6-FC90-4A63-82C6-C24FAF14CF25}.Debug|x64.ActiveCfg = Debug|Any CPU
		{14985FC6-FC90-4A63-82C6-C24FAF14CF25}.Debug|x64.Build.0 = Debug|Any CPU
		{14985FC6-FC90-4A63-82C6-C24FAF14CF25}.Debug|x86.ActiveCfg = Debug|Any CPU
		{14985FC6-FC90-4A63-82C6-C24FAF14CF25}.Debug|x86.Build.0 = Debug|Any CPU
		{14985FC6-FC90-4A63-82C6-C24FAF14CF25}.Release|Any CPU.ActiveCfg = Release|Any CPU
		{14985FC6-FC90-4A63-82C6-C24FAF14CF25}.Release|Any CPU.Build.0 = Release|Any CPU
		{14985FC6-FC90-4A63-82C6-C24FAF14CF25}.Release|x64.ActiveCfg = Release|Any CPU
		{14985FC6-FC90-4A63-82C6-C24FAF14CF25}.Release|x64.Build.0 = Release|Any CPU
		{14985FC6-FC90-4A63-82C6-C24FAF14CF25}.Release|x86.ActiveCfg = Release|Any CPU
		{14985FC6-FC90-4A63-82C6-C24FAF14CF25}.Release|x86.Build.0 = Release|Any CPU
	EndGlobalSection
	GlobalSection(NestedProjects) = preSolution
		{4327C5FC-A4D5-4A65-88E6-C5511D62E9B2} = {7AE92EE6-56D0-42FF-8810-3C89C75F5662}
		{6ED62F70-D295-40D4-ADDE-350DC37CC7CF} = {7AE92EE6-56D0-42FF-8810-3C89C75F5662}
		{06577E62-1D96-4708-9C1A-7C28EB520440} = {7AE92EE6-56D0-42FF-8810-3C89C75F5662}
		{AF7B40CA-967F-48D3-95BB-2A34645AFF1B} = {7AE92EE6-56D0-42FF-8810-3C89C75F5662}
		{14985FC6-FC90-4A63-82C6-C24FAF14CF25} = {AF7B40CA-967F-48D3-95BB-2A34645AFF1B}
	EndGlobalSection
EndGlobal
